<?xml version="1.0" encoding="utf-8"?>
<Project ToolsVersion="4.0" xmlns="http://schemas.microsoft.com/developer/msbuild/2003">
  <ItemGroup>
    <Filter Include="Util">
      <UniqueIdentifier>{be22106b-4e0a-4900-985f-d034db8bd867}</UniqueIdentifier>
    </Filter>
    <Filter Include="App">
      <UniqueIdentifier>{71b8173d-a897-45ad-8734-1b50064690c4}</UniqueIdentifier>
    </Filter>
    <Filter Include="NeuronBall">
      <UniqueIdentifier>{98f864e8-be5a-434a-8981-3d203e392ecf}</UniqueIdentifier>
    </Filter>
    <Filter Include="NeuronBall\Controllers">
      <UniqueIdentifier>{b689a02f-5c96-49ca-a588-21d386d9c584}</UniqueIdentifier>
    </Filter>
    <Filter Include="NeuralNet">
      <UniqueIdentifier>{ee5f21be-87b3-4615-be0a-d8c5c7ccc0af}</UniqueIdentifier>
    </Filter>
  </ItemGroup>
  <ItemGroup>
    <ClInclude Include="Util\Array.h">
      <Filter>Util</Filter>
    </ClInclude>
    <ClInclude Include="Util\Constants.h">
      <Filter>Util</Filter>
    </ClInclude>
    <ClInclude Include="Util\Math.h">
      <Filter>Util</Filter>
    </ClInclude>
    <ClInclude Include="Util\Random.h">
      <Filter>Util</Filter>
    </ClInclude>
    <ClInclude Include="Util\Shapes.h">
      <Filter>Util</Filter>
    </ClInclude>
    <ClInclude Include="Util\Vector.h">
      <Filter>Util</Filter>
    </ClInclude>
    <ClInclude Include="pch.h" />
    <ClInclude Include="App\App.h">
      <Filter>App</Filter>
    </ClInclude>
    <ClInclude Include="NeuronBall\NeuronBall.h">
      <Filter>NeuronBall</Filter>
    </ClInclude>
    <ClInclude Include="NeuronBall\NeuronGame.h">
      <Filter>NeuronBall</Filter>
    </ClInclude>
    <ClInclude Include="NeuronBall\NeuronGameDisplay.h">
      <Filter>NeuronBall</Filter>
    </ClInclude>
    <ClInclude Include="NeuronBall\NeuronPlayer.h">
      <Filter>NeuronBall</Filter>
    </ClInclude>
    <ClInclude Include="NeuronBall\NeuronPlayerController.h">
      <Filter>NeuronBall</Filter>
    </ClInclude>
    <ClInclude Include="NeuronBall\Controllers\HumanPlayerController.h">
      <Filter>NeuronBall\Controllers</Filter>
    </ClInclude>
    <ClInclude Include="NeuronBall\NeuronPlayerInput.h">
      <Filter>NeuronBall</Filter>
    </ClInclude>
    <ClInclude Include="NeuralNet\Network.h">
      <Filter>NeuralNet</Filter>
    </ClInclude>
    <ClInclude Include="NeuronBall\Controllers\NeuralNetPlayerController.h">
      <Filter>NeuronBall\Controllers</Filter>
    </ClInclude>
  </ItemGroup>
  <ItemGroup>
    <ClCompile Include="Util\Random.cpp">
      <Filter>Util</Filter>
    </ClCompile>
    <ClCompile Include="Util\Shapes.cpp">
      <Filter>Util</Filter>
    </ClCompile>
    <ClCompile Include="Util\Vector.cpp">
      <Filter>Util</Filter>
    </ClCompile>
    <ClCompile Include="pch.cpp" />
    <ClCompile Include="App\App.cpp">
      <Filter>App</Filter>
    </ClCompile>
    <ClCompile Include="NeuronBall\NeuronBall.cpp">
      <Filter>NeuronBall</Filter>
    </ClCompile>
    <ClCompile Include="NeuronBall\NeuronGame.cpp">
      <Filter>NeuronBall</Filter>
    </ClCompile>
    <ClCompile Include="NeuronBall\NeuronGameDisplay.cpp">
      <Filter>NeuronBall</Filter>
    </ClCompile>
    <ClCompile Include="NeuronBall\NeuronPlayer.cpp">
      <Filter>NeuronBall</Filter>
    </ClCompile>
    <ClCompile Include="NeuronBall\NeuronPlayerController.cpp">
      <Filter>NeuronBall</Filter>
    </ClCompile>
    <ClCompile Include="NeuronBall\Controllers\HumanPlayerController.cpp">
      <Filter>NeuronBall\Controllers</Filter>
    </ClCompile>
    <ClCompile Include="NeuralNet\Network.cpp">
      <Filter>NeuralNet</Filter>
    </ClCompile>
    <ClCompile Include="NeuronBall\Controllers\NeuralNetPlayerController.cpp">
      <Filter>NeuronBall\Controllers</Filter>
    </ClCompile>
  </ItemGroup>
</Project>