<?xml version="1.0" encoding="utf-8"?>
<Project ToolsVersion="4.0" xmlns="http://schemas.microsoft.com/developer/msbuild/2003">
  <ItemGroup>
    <Filter Include="Util">
      <UniqueIdentifier>{be22106b-4e0a-4900-985f-d034db8bd867}</UniqueIdentifier>
    </Filter>
    <Filter Include="App">
      <UniqueIdentifier>{71b8173d-a897-45ad-8734-1b50064690c4}</UniqueIdentifier>
    </Filter>
    <Filter Include="NeuronBall">
      <UniqueIdentifier>{98f864e8-be5a-434a-8981-3d203e392ecf}</UniqueIdentifier>
    </Filter>
    <Filter Include="NeuronBall\Controllers">
      <UniqueIdentifier>{b689a02f-5c96-49ca-a588-21d386d9c584}</UniqueIdentifier>
    </Filter>
    <Filter Include="NeuralNet">
      <UniqueIdentifier>{ee5f21be-87b3-4615-be0a-d8c5c7ccc0af}</UniqueIdentifier>
    </Filter>
    <Filter Include="Training">
      <UniqueIdentifier>{c0bee232-45f6-4542-883b-62a5a082c0d1}</UniqueIdentifier>
    </Filter>
    <Filter Include="External">
      <UniqueIdentifier>{6c5fc6ba-aca2-4c7c-b23a-6c7135ea3b53}</UniqueIdentifier>
    </Filter>
    <Filter Include="External\imgui">
      <UniqueIdentifier>{cdab7b6d-be8a-4e6e-9062-f8df81db7224}</UniqueIdentifier>
    </Filter>
    <Filter Include="External\imgui-sfml">
      <UniqueIdentifier>{0637dd92-e847-482d-855b-46491d28f975}</UniqueIdentifier>
    </Filter>
  </ItemGroup>
  <ItemGroup>
    <ClInclude Include="Util\Array.h">
      <Filter>Util</Filter>
    </ClInclude>
    <ClInclude Include="Util\Constants.h">
      <Filter>Util</Filter>
    </ClInclude>
    <ClInclude Include="Util\Math.h">
      <Filter>Util</Filter>
    </ClInclude>
    <ClInclude Include="Util\Random.h">
      <Filter>Util</Filter>
    </ClInclude>
    <ClInclude Include="Util\Shapes.h">
      <Filter>Util</Filter>
    </ClInclude>
    <ClInclude Include="Util\Vector.h">
      <Filter>Util</Filter>
    </ClInclude>
    <ClInclude Include="pch.h" />
    <ClInclude Include="App\App.h">
      <Filter>App</Filter>
    </ClInclude>
    <ClInclude Include="NeuronBall\NeuronBall.h">
      <Filter>NeuronBall</Filter>
    </ClInclude>
    <ClInclude Include="NeuronBall\NeuronGame.h">
      <Filter>NeuronBall</Filter>
    </ClInclude>
    <ClInclude Include="NeuronBall\NeuronGameDisplay.h">
      <Filter>NeuronBall</Filter>
    </ClInclude>
    <ClInclude Include="NeuronBall\NeuronPlayer.h">
      <Filter>NeuronBall</Filter>
    </ClInclude>
    <ClInclude Include="NeuronBall\NeuronPlayerController.h">
      <Filter>NeuronBall</Filter>
    </ClInclude>
    <ClInclude Include="NeuronBall\Controllers\HumanPlayerController.h">
      <Filter>NeuronBall\Controllers</Filter>
    </ClInclude>
    <ClInclude Include="NeuronBall\NeuronPlayerInput.h">
      <Filter>NeuronBall</Filter>
    </ClInclude>
    <ClInclude Include="NeuralNet\Network.h">
      <Filter>NeuralNet</Filter>
    </ClInclude>
    <ClInclude Include="NeuronBall\Controllers\NeuralNetPlayerController.h">
      <Filter>NeuronBall\Controllers</Filter>
    </ClInclude>
    <ClInclude Include="Training\AiPlayerTrainer.h">
      <Filter>Training</Filter>
    </ClInclude>
    <ClInclude Include="Training\AiControllerData.h">
      <Filter>Training</Filter>
    </ClInclude>
    <ClInclude Include="App\PhysicsTest.h">
      <Filter>App</Filter>
    </ClInclude>
    <ClInclude Include="Util\Serializable.h">
      <Filter>Util</Filter>
    </ClInclude>
    <ClInclude Include="Util\BinaryBuffer.h">
      <Filter>Util</Filter>
    </ClInclude>
    <ClInclude Include="..\..\External\imgui\imconfig.h">
      <Filter>External\imgui</Filter>
    </ClInclude>
    <ClInclude Include="..\..\External\imgui\imgui.h">
      <Filter>External\imgui</Filter>
    </ClInclude>
    <ClInclude Include="..\..\External\imgui-sfml\imgui-SFML.h">
      <Filter>External\imgui-sfml</Filter>
    </ClInclude>
    <ClInclude Include="NeuronBall\Controllers\InputProvider.h">
      <Filter>NeuronBall\Controllers</Filter>
    </ClInclude>
    <ClInclude Include="Util\RefCount.h">
      <Filter>Util</Filter>
    </ClInclude>
    <ClInclude Include="Util\WindowsDialogs.h">
      <Filter>Util</Filter>
    </ClInclude>
  </ItemGroup>
  <ItemGroup>
    <ClCompile Include="Util\Random.cpp">
      <Filter>Util</Filter>
    </ClCompile>
    <ClCompile Include="Util\Shapes.cpp">
      <Filter>Util</Filter>
    </ClCompile>
    <ClCompile Include="Util\Vector.cpp">
      <Filter>Util</Filter>
    </ClCompile>
    <ClCompile Include="pch.cpp" />
    <ClCompile Include="App\App.cpp">
      <Filter>App</Filter>
    </ClCompile>
    <ClCompile Include="NeuronBall\NeuronBall.cpp">
      <Filter>NeuronBall</Filter>
    </ClCompile>
    <ClCompile Include="NeuronBall\NeuronGame.cpp">
      <Filter>NeuronBall</Filter>
    </ClCompile>
    <ClCompile Include="NeuronBall\NeuronGameDisplay.cpp">
      <Filter>NeuronBall</Filter>
    </ClCompile>
    <ClCompile Include="NeuronBall\NeuronPlayer.cpp">
      <Filter>NeuronBall</Filter>
    </ClCompile>
    <ClCompile Include="NeuronBall\NeuronPlayerController.cpp">
      <Filter>NeuronBall</Filter>
    </ClCompile>
    <ClCompile Include="NeuronBall\Controllers\HumanPlayerController.cpp">
      <Filter>NeuronBall\Controllers</Filter>
    </ClCompile>
    <ClCompile Include="NeuralNet\Network.cpp">
      <Filter>NeuralNet</Filter>
    </ClCompile>
    <ClCompile Include="NeuronBall\Controllers\NeuralNetPlayerController.cpp">
      <Filter>NeuronBall\Controllers</Filter>
    </ClCompile>
    <ClCompile Include="Training\AiPlayerTrainer.cpp">
      <Filter>Training</Filter>
    </ClCompile>
    <ClCompile Include="Training\AiControllerData.cpp">
      <Filter>Training</Filter>
    </ClCompile>
    <ClCompile Include="App\PhysicsTest.cpp">
      <Filter>App</Filter>
    </ClCompile>
    <ClCompile Include="Util\Serializable.cpp">
      <Filter>Util</Filter>
    </ClCompile>
    <ClCompile Include="Util\BinaryBuffer.cpp">
      <Filter>Util</Filter>
    </ClCompile>
    <ClCompile Include="..\..\External\imgui\imgui.cpp">
      <Filter>External\imgui</Filter>
    </ClCompile>
    <ClCompile Include="..\..\External\imgui\imgui_draw.cpp">
      <Filter>External\imgui</Filter>
    </ClCompile>
    <ClCompile Include="..\..\External\imgui\imgui_tables.cpp">
      <Filter>External\imgui</Filter>
    </ClCompile>
    <ClCompile Include="..\..\External\imgui\imgui_widgets.cpp">
      <Filter>External\imgui</Filter>
    </ClCompile>
    <ClCompile Include="..\..\External\imgui-sfml\imgui-SFML.cpp">
      <Filter>External\imgui-sfml</Filter>
    </ClCompile>
    <ClCompile Include="..\..\External\imgui\imgui_demo.cpp">
      <Filter>External\imgui</Filter>
    </ClCompile>
    <ClCompile Include="NeuronBall\Controllers\InputProvider.cpp">
      <Filter>NeuronBall\Controllers</Filter>
    </ClCompile>
    <ClCompile Include="Util\WindowsDialogs.cpp">
      <Filter>Util</Filter>
    </ClCompile>
  </ItemGroup>
</Project>