
Microsoft Visual Studio Solution File, Format Version 12.00
# Visual Studio Version 16
VisualStudioVersion = 16.0.31005.135
MinimumVisualStudioVersion = 10.0.40219.1
Project("{8BC9CEB8-8B4A-11D0-8D11-00A0C91BC942}") = "Neurons", "Neurons.vcxproj", "{5CAE06A7-0467-4365-AC45-1BE0F39DF0B5}"
EndProject
Project("{8BC9CEB8-8B4A-11D0-8D11-00A0C91BC942}") = "Test", "..\Test\Test.vcxproj", "{09116423-BBD6-40E5-BD15-5A24E7F59135}"
EndProject
Global
	GlobalSection(SolutionConfigurationPlatforms) = preSolution
		Debug|x64 = Debug|x64
		Debug|x86 = Debug|x86
		Release|x64 = Release|x64
		Release|x86 = Release|x86
	EndGlobalSection
	GlobalSection(ProjectConfigurationPlatforms) = postSolution
		{5CAE06A7-0467-4365-AC45-1BE0F39DF0B5}.Debug|x64.ActiveCfg = Debug|x64
		{5CAE06A7-0467-4365-AC45-1BE0F39DF0B5}.Debug|x64.Build.0 = Debug|x64
		{5CAE06A7-0467-4365-AC45-1BE0F39DF0B5}.Debug|x86.ActiveCfg = Debug|Win32
		{5CAE06A7-0467-4365-AC45-1BE0F39DF0B5}.Debug|x86.Build.0 = Debug|Win32
		{5CAE06A7-0467-4365-AC45-1BE0F39DF0B5}.Release|x64.ActiveCfg = Release|x64
		{5CAE06A7-0467-4365-AC45-1BE0F39DF0B5}.Release|x64.Build.0 = Release|x64
		{5CAE06A7-0467-4365-AC45-1BE0F39DF0B5}.Release|x86.ActiveCfg = Release|Win32
		{5CAE06A7-0467-4365-AC45-1BE0F39DF0B5}.Release|x86.Build.0 = Release|Win32
		{09116423-BBD6-40E5-BD15-5A24E7F59135}.Debug|x64.ActiveCfg = Debug|x64
		{09116423-BBD6-40E5-BD15-5A24E7F59135}.Debug|x64.Build.0 = Debug|x64
		{09116423-BBD6-40E5-BD15-5A24E7F59135}.Debug|x86.ActiveCfg = Debug|Win32
		{09116423-BBD6-40E5-BD15-5A24E7F59135}.Debug|x86.Build.0 = Debug|Win32
		{09116423-BBD6-40E5-BD15-5A24E7F59135}.Release|x64.ActiveCfg = Release|x64
		{09116423-BBD6-40E5-BD15-5A24E7F59135}.Release|x64.Build.0 = Release|x64
		{09116423-BBD6-40E5-BD15-5A24E7F59135}.Release|x86.ActiveCfg = Release|Win32
		{09116423-BBD6-40E5-BD15-5A24E7F59135}.Release|x86.Build.0 = Release|Win32
	EndGlobalSection
	GlobalSection(SolutionProperties) = preSolution
		HideSolutionNode = FALSE
	EndGlobalSection
	GlobalSection(ExtensibilityGlobals) = postSolution
		SolutionGuid = {0D579506-5C9F-4DF8-B88D-920DB67FBA29}
	EndGlobalSection
EndGlobal
